// !$*UTF8*$!
{
	archiveVersion = 1;
	classes = {
	};
	objectVersion = 56;
	objects = {

/* Begin PBXBuildFile section */
		F50BF7832BA9EC1100EA8361 /* AppDelegate.swift in Sources */ = {isa = PBXBuildFile; fileRef = F50BF7822BA9EC1100EA8361 /* AppDelegate.swift */; };
		F50BF7852BA9EC1100EA8361 /* SceneDelegate.swift in Sources */ = {isa = PBXBuildFile; fileRef = F50BF7842BA9EC1100EA8361 /* SceneDelegate.swift */; };
		F50BF7872BA9EC1100EA8361 /* ViewController.swift in Sources */ = {isa = PBXBuildFile; fileRef = F50BF7862BA9EC1100EA8361 /* ViewController.swift */; };
		F50BF78A2BA9EC1100EA8361 /* Base in Resources */ = {isa = PBXBuildFile; fileRef = F50BF7892BA9EC1100EA8361 /* Base */; };
		F50BF78C2BA9EC1200EA8361 /* Assets.xcassets in Resources */ = {isa = PBXBuildFile; fileRef = F50BF78B2BA9EC1200EA8361 /* Assets.xcassets */; };
		F50BF78F2BA9EC1200EA8361 /* Base in Resources */ = {isa = PBXBuildFile; fileRef = F50BF78E2BA9EC1200EA8361 /* Base */; };
		F50BF79A2BA9EC1300EA8361 /* TableViewTests.swift in Sources */ = {isa = PBXBuildFile; fileRef = F50BF7992BA9EC1300EA8361 /* TableViewTests.swift */; };
		F50BF7A42BA9EC1300EA8361 /* TableViewUITests.swift in Sources */ = {isa = PBXBuildFile; fileRef = F50BF7A32BA9EC1300EA8361 /* TableViewUITests.swift */; };
		F50BF7A62BA9EC1300EA8361 /* TableViewUITestsLaunchTests.swift in Sources */ = {isa = PBXBuildFile; fileRef = F50BF7A52BA9EC1300EA8361 /* TableViewUITestsLaunchTests.swift */; };
		F50BF7B32BA9EEDF00EA8361 /* TableViewController.swift in Sources */ = {isa = PBXBuildFile; fileRef = F50BF7B22BA9EEDF00EA8361 /* TableViewController.swift */; };
		F50BF7B52BAB514D00EA8361 /* Cars.swift in Sources */ = {isa = PBXBuildFile; fileRef = F50BF7B42BAB514D00EA8361 /* Cars.swift */; };
/* End PBXBuildFile section */

/* Begin PBXContainerItemProxy section */
		F50BF7962BA9EC1300EA8361 /* PBXContainerItemProxy */ = {
			isa = PBXContainerItemProxy;
			containerPortal = F50BF7772BA9EC1100EA8361 /* Project object */;
			proxyType = 1;
			remoteGlobalIDString = F50BF77E2BA9EC1100EA8361;
			remoteInfo = TableView;
		};
		F50BF7A02BA9EC1300EA8361 /* PBXContainerItemProxy */ = {
			isa = PBXContainerItemProxy;
			containerPortal = F50BF7772BA9EC1100EA8361 /* Project object */;
			proxyType = 1;
			remoteGlobalIDString = F50BF77E2BA9EC1100EA8361;
			remoteInfo = TableView;
		};
/* End PBXContainerItemProxy section */

/* Begin PBXFileReference section */
		F50BF77F2BA9EC1100EA8361 /* TableView.app */ = {isa = PBXFileReference; explicitFileType = wrapper.application; includeInIndex = 0; path = TableView.app; sourceTree = BUILT_PRODUCTS_DIR; };
		F50BF7822BA9EC1100EA8361 /* AppDelegate.swift */ = {isa = PBXFileReference; lastKnownFileType = sourcecode.swift; path = AppDelegate.swift; sourceTree = "<group>"; };
		F50BF7842BA9EC1100EA8361 /* SceneDelegate.swift */ = {isa = PBXFileReference; lastKnownFileType = sourcecode.swift; path = SceneDelegate.swift; sourceTree = "<group>"; };
		F50BF7862BA9EC1100EA8361 /* ViewController.swift */ = {isa = PBXFileReference; lastKnownFileType = sourcecode.swift; path = ViewController.swift; sourceTree = "<group>"; };
		F50BF7892BA9EC1100EA8361 /* Base */ = {isa = PBXFileReference; lastKnownFileType = file.storyboard; name = Base; path = Base.lproj/Main.storyboard; sourceTree = "<group>"; };
		F50BF78B2BA9EC1200EA8361 /* Assets.xcassets */ = {isa = PBXFileReference; lastKnownFileType = folder.assetcatalog; path = Assets.xcassets; sourceTree = "<group>"; };
		F50BF78E2BA9EC1200EA8361 /* Base */ = {isa = PBXFileReference; lastKnownFileType = file.storyboard; name = Base; path = Base.lproj/LaunchScreen.storyboard; sourceTree = "<group>"; };
		F50BF7902BA9EC1200EA8361 /* Info.plist */ = {isa = PBXFileReference; lastKnownFileType = text.plist.xml; path = Info.plist; sourceTree = "<group>"; };
		F50BF7952BA9EC1300EA8361 /* TableViewTests.xctest */ = {isa = PBXFileReference; explicitFileType = wrapper.cfbundle; includeInIndex = 0; path = TableViewTests.xctest; sourceTree = BUILT_PRODUCTS_DIR; };
		F50BF7992BA9EC1300EA8361 /* TableViewTests.swift */ = {isa = PBXFileReference; lastKnownFileType = sourcecode.swift; path = TableViewTests.swift; sourceTree = "<group>"; };
		F50BF79F2BA9EC1300EA8361 /* TableViewUITests.xctest */ = {isa = PBXFileReference; explicitFileType = wrapper.cfbundle; includeInIndex = 0; path = TableViewUITests.xctest; sourceTree = BUILT_PRODUCTS_DIR; };
		F50BF7A32BA9EC1300EA8361 /* TableViewUITests.swift */ = {isa = PBXFileReference; lastKnownFileType = sourcecode.swift; path = TableViewUITests.swift; sourceTree = "<group>"; };
		F50BF7A52BA9EC1300EA8361 /* TableViewUITestsLaunchTests.swift */ = {isa = PBXFileReference; lastKnownFileType = sourcecode.swift; path = TableViewUITestsLaunchTests.swift; sourceTree = "<group>"; };
		F50BF7B22BA9EEDF00EA8361 /* TableViewController.swift */ = {isa = PBXFileReference; lastKnownFileType = sourcecode.swift; path = TableViewController.swift; sourceTree = "<group>"; };
		F50BF7B42BAB514D00EA8361 /* Cars.swift */ = {isa = PBXFileReference; lastKnownFileType = sourcecode.swift; path = Cars.swift; sourceTree = "<group>"; };
/* End PBXFileReference section */

/* Begin PBXFrameworksBuildPhase section */
		F50BF77C2BA9EC1100EA8361 /* Frameworks */ = {
			isa = PBXFrameworksBuildPhase;
			buildActionMask = 2147483647;
			files = (
			);
			runOnlyForDeploymentPostprocessing = 0;
		};
		F50BF7922BA9EC1300EA8361 /* Frameworks */ = {
			isa = PBXFrameworksBuildPhase;
			buildActionMask = 2147483647;
			files = (
			);
			runOnlyForDeploymentPostprocessing = 0;
		};
		F50BF79C2BA9EC1300EA8361 /* Frameworks */ = {
			isa = PBXFrameworksBuildPhase;
			buildActionMask = 2147483647;
			files = (
			);
			runOnlyForDeploymentPostprocessing = 0;
		};
/* End PBXFrameworksBuildPhase section */

/* Begin PBXGroup section */
		F50BF7762BA9EC1100EA8361 = {
			isa = PBXGroup;
			children = (
				F50BF7812BA9EC1100EA8361 /* TableView */,
				F50BF7982BA9EC1300EA8361 /* TableViewTests */,
				F50BF7A22BA9EC1300EA8361 /* TableViewUITests */,
				F50BF7802BA9EC1100EA8361 /* Products */,
			);
			sourceTree = "<group>";
		};
		F50BF7802BA9EC1100EA8361 /* Products */ = {
			isa = PBXGroup;
			children = (
				F50BF77F2BA9EC1100EA8361 /* TableView.app */,
				F50BF7952BA9EC1300EA8361 /* TableViewTests.xctest */,
				F50BF79F2BA9EC1300EA8361 /* TableViewUITests.xctest */,
			);
			name = Products;
			sourceTree = "<group>";
		};
		F50BF7812BA9EC1100EA8361 /* TableView */ = {
			isa = PBXGroup;
			children = (
				F50BF7822BA9EC1100EA8361 /* AppDelegate.swift */,
				F50BF7842BA9EC1100EA8361 /* SceneDelegate.swift */,
				F50BF7B42BAB514D00EA8361 /* Cars.swift */,
				F50BF7862BA9EC1100EA8361 /* ViewController.swift */,
				F50BF7B22BA9EEDF00EA8361 /* TableViewController.swift */,
				F50BF7882BA9EC1100EA8361 /* Main.storyboard */,
				F50BF78B2BA9EC1200EA8361 /* Assets.xcassets */,
				F50BF78D2BA9EC1200EA8361 /* LaunchScreen.storyboard */,
				F50BF7902BA9EC1200EA8361 /* Info.plist */,
			);
			path = TableView;
			sourceTree = "<group>";
		};
		F50BF7982BA9EC1300EA8361 /* TableViewTests */ = {
			isa = PBXGroup;
			children = (
				F50BF7992BA9EC1300EA8361 /* TableViewTests.swift */,
			);
			path = TableViewTests;
			sourceTree = "<group>";
		};
		F50BF7A22BA9EC1300EA8361 /* TableViewUITests */ = {
			isa = PBXGroup;
			children = (
				F50BF7A32BA9EC1300EA8361 /* TableViewUITests.swift */,
				F50BF7A52BA9EC1300EA8361 /* TableViewUITestsLaunchTests.swift */,
			);
			path = TableViewUITests;
			sourceTree = "<group>";
		};
/* End PBXGroup section */

/* Begin PBXNativeTarget section */
		F50BF77E2BA9EC1100EA8361 /* TableView */ = {
			isa = PBXNativeTarget;
			buildConfigurationList = F50BF7A92BA9EC1300EA8361 /* Build configuration list for PBXNativeTarget "TableView" */;
			buildPhases = (
				F50BF77B2BA9EC1100EA8361 /* Sources */,
				F50BF77C2BA9EC1100EA8361 /* Frameworks */,
				F50BF77D2BA9EC1100EA8361 /* Resources */,
			);
			buildRules = (
			);
			dependencies = (
			);
			name = TableView;
			productName = TableView;
			productReference = F50BF77F2BA9EC1100EA8361 /* TableView.app */;
			productType = "com.apple.product-type.application";
		};
		F50BF7942BA9EC1300EA8361 /* TableViewTests */ = {
			isa = PBXNativeTarget;
			buildConfigurationList = F50BF7AC2BA9EC1300EA8361 /* Build configuration list for PBXNativeTarget "TableViewTests" */;
			buildPhases = (
				F50BF7912BA9EC1300EA8361 /* Sources */,
				F50BF7922BA9EC1300EA8361 /* Frameworks */,
				F50BF7932BA9EC1300EA8361 /* Resources */,
			);
			buildRules = (
			);
			dependencies = (
				F50BF7972BA9EC1300EA8361 /* PBXTargetDependency */,
			);
			name = TableViewTests;
			productName = TableViewTests;
			productReference = F50BF7952BA9EC1300EA8361 /* TableViewTests.xctest */;
			productType = "com.apple.product-type.bundle.unit-test";
		};
		F50BF79E2BA9EC1300EA8361 /* TableViewUITests */ = {
			isa = PBXNativeTarget;
			buildConfigurationList = F50BF7AF2BA9EC1300EA8361 /* Build configuration list for PBXNativeTarget "TableViewUITests" */;
			buildPhases = (
				F50BF79B2BA9EC1300EA8361 /* Sources */,
				F50BF79C2BA9EC1300EA8361 /* Frameworks */,
				F50BF79D2BA9EC1300EA8361 /* Resources */,
			);
			buildRules = (
			);
			dependencies = (
				F50BF7A12BA9EC1300EA8361 /* PBXTargetDependency */,
			);
			name = TableViewUITests;
			productName = TableViewUITests;
			productReference = F50BF79F2BA9EC1300EA8361 /* TableViewUITests.xctest */;
			productType = "com.apple.product-type.bundle.ui-testing";
		};
/* End PBXNativeTarget section */

/* Begin PBXProject section */
		F50BF7772BA9EC1100EA8361 /* Project object */ = {
			isa = PBXProject;
			attributes = {
				BuildIndependentTargetsInParallel = 1;
				LastSwiftUpdateCheck = 1530;
				LastUpgradeCheck = 1530;
				TargetAttributes = {
					F50BF77E2BA9EC1100EA8361 = {
						CreatedOnToolsVersion = 15.3;
					};
					F50BF7942BA9EC1300EA8361 = {
						CreatedOnToolsVersion = 15.3;
						TestTargetID = F50BF77E2BA9EC1100EA8361;
					};
					F50BF79E2BA9EC1300EA8361 = {
						CreatedOnToolsVersion = 15.3;
						TestTargetID = F50BF77E2BA9EC1100EA8361;
					};
				};
			};
			buildConfigurationList = F50BF77A2BA9EC1100EA8361 /* Build configuration list for PBXProject "TableView" */;
			compatibilityVersion = "Xcode 14.0";
			developmentRegion = en;
			hasScannedForEncodings = 0;
			knownRegions = (
				en,
				Base,
			);
			mainGroup = F50BF7762BA9EC1100EA8361;
			productRefGroup = F50BF7802BA9EC1100EA8361 /* Products */;
			projectDirPath = "";
			projectRoot = "";
			targets = (
				F50BF77E2BA9EC1100EA8361 /* TableView */,
				F50BF7942BA9EC1300EA8361 /* TableViewTests */,
				F50BF79E2BA9EC1300EA8361 /* TableViewUITests */,
			);
		};
/* End PBXProject section */

/* Begin PBXResourcesBuildPhase section */
		F50BF77D2BA9EC1100EA8361 /* Resources */ = {
			isa = PBXResourcesBuildPhase;
			buildActionMask = 2147483647;
			files = (
				F50BF78C2BA9EC1200EA8361 /* Assets.xcassets in Resources */,
				F50BF78F2BA9EC1200EA8361 /* Base in Resources */,
				F50BF78A2BA9EC1100EA8361 /* Base in Resources */,
			);
			runOnlyForDeploymentPostprocessing = 0;
		};
		F50BF7932BA9EC1300EA8361 /* Resources */ = {
			isa = PBXResourcesBuildPhase;
			buildActionMask = 2147483647;
			files = (
			);
			runOnlyForDeploymentPostprocessing = 0;
		};
		F50BF79D2BA9EC1300EA8361 /* Resources */ = {
			isa = PBXResourcesBuildPhase;
			buildActionMask = 2147483647;
			files = (
			);
			runOnlyForDeploymentPostprocessing = 0;
		};
/* End PBXResourcesBuildPhase section */

/* Begin PBXSourcesBuildPhase section */
		F50BF77B2BA9EC1100EA8361 /* Sources */ = {
			isa = PBXSourcesBuildPhase;
			buildActionMask = 2147483647;
			files = (
				F50BF7872BA9EC1100EA8361 /* ViewController.swift in Sources */,
				F50BF7832BA9EC1100EA8361 /* AppDelegate.swift in Sources */,
				F50BF7B52BAB514D00EA8361 /* Cars.swift in Sources */,
				F50BF7852BA9EC1100EA8361 /* SceneDelegate.swift in Sources */,
				F50BF7B32BA9EEDF00EA8361 /* TableViewController.swift in Sources */,
			);
			runOnlyForDeploymentPostprocessing = 0;
		};
		F50BF7912BA9EC1300EA8361 /* Sources */ = {
			isa = PBXSourcesBuildPhase;
			buildActionMask = 2147483647;
			files = (
				F50BF79A2BA9EC1300EA8361 /* TableViewTests.swift in Sources */,
			);
			runOnlyForDeploymentPostprocessing = 0;
		};
		F50BF79B2BA9EC1300EA8361 /* Sources */ = {
			isa = PBXSourcesBuildPhase;
			buildActionMask = 2147483647;
			files = (
				F50BF7A62BA9EC1300EA8361 /* TableViewUITestsLaunchTests.swift in Sources */,
				F50BF7A42BA9EC1300EA8361 /* TableViewUITests.swift in Sources */,
			);
			runOnlyForDeploymentPostprocessing = 0;
		};
/* End PBXSourcesBuildPhase section */

/* Begin PBXTargetDependency section */
		F50BF7972BA9EC1300EA8361 /* PBXTargetDependency */ = {
			isa = PBXTargetDependency;
			target = F50BF77E2BA9EC1100EA8361 /* TableView */;
			targetProxy = F50BF7962BA9EC1300EA8361 /* PBXContainerItemProxy */;
		};
		F50BF7A12BA9EC1300EA8361 /* PBXTargetDependency */ = {
			isa = PBXTargetDependency;
			target = F50BF77E2BA9EC1100EA8361 /* TableView */;
			targetProxy = F50BF7A02BA9EC1300EA8361 /* PBXContainerItemProxy */;
		};
/* End PBXTargetDependency section */

/* Begin PBXVariantGroup section */
		F50BF7882BA9EC1100EA8361 /* Main.storyboard */ = {
			isa = PBXVariantGroup;
			children = (
				F50BF7892BA9EC1100EA8361 /* Base */,
			);
			name = Main.storyboard;
			sourceTree = "<group>";
		};
		F50BF78D2BA9EC1200EA8361 /* LaunchScreen.storyboard */ = {
			isa = PBXVariantGroup;
			children = (
				F50BF78E2BA9EC1200EA8361 /* Base */,
			);
			name = LaunchScreen.storyboard;
			sourceTree = "<group>";
		};
/* End PBXVariantGroup section */

/* Begin XCBuildConfiguration section */
		F50BF7A72BA9EC1300EA8361 /* Debug */ = {
			isa = XCBuildConfiguration;
			buildSettings = {
				ALWAYS_SEARCH_USER_PATHS = NO;
				ASSETCATALOG_COMPILER_GENERATE_SWIFT_ASSET_SYMBOL_EXTENSIONS = YES;
				CLANG_ANALYZER_NONNULL = YES;
				CLANG_ANALYZER_NUMBER_OBJECT_CONVERSION = YES_AGGRESSIVE;
				CLANG_CXX_LANGUAGE_STANDARD = "gnu++20";
				CLANG_ENABLE_MODULES = YES;
				CLANG_ENABLE_OBJC_ARC = YES;
				CLANG_ENABLE_OBJC_WEAK = YES;
				CLANG_WARN_BLOCK_CAPTURE_AUTORELEASING = YES;
				CLANG_WARN_BOOL_CONVERSION = YES;
				CLANG_WARN_COMMA = YES;
				CLANG_WARN_CONSTANT_CONVERSION = YES;
				CLANG_WARN_DEPRECATED_OBJC_IMPLEMENTATIONS = YES;
				CLANG_WARN_DIRECT_OBJC_ISA_USAGE = YES_ERROR;
				CLANG_WARN_DOCUMENTATION_COMMENTS = YES;
				CLANG_WARN_EMPTY_BODY = YES;
				CLANG_WARN_ENUM_CONVERSION = YES;
				CLANG_WARN_INFINITE_RECURSION = YES;
				CLANG_WARN_INT_CONVERSION = YES;
				CLANG_WARN_NON_LITERAL_NULL_CONVERSION = YES;
				CLANG_WARN_OBJC_IMPLICIT_RETAIN_SELF = YES;
				CLANG_WARN_OBJC_LITERAL_CONVERSION = YES;
				CLANG_WARN_OBJC_ROOT_CLASS = YES_ERROR;
				CLANG_WARN_QUOTED_INCLUDE_IN_FRAMEWORK_HEADER = YES;
				CLANG_WARN_RANGE_LOOP_ANALYSIS = YES;
				CLANG_WARN_STRICT_PROTOTYPES = YES;
				CLANG_WARN_SUSPICIOUS_MOVE = YES;
				CLANG_WARN_UNGUARDED_AVAILABILITY = YES_AGGRESSIVE;
				CLANG_WARN_UNREACHABLE_CODE = YES;
				CLANG_WARN__DUPLICATE_METHOD_MATCH = YES;
				COPY_PHASE_STRIP = NO;
				DEBUG_INFORMATION_FORMAT = dwarf;
				ENABLE_STRICT_OBJC_MSGSEND = YES;
				ENABLE_TESTABILITY = YES;
				ENABLE_USER_SCRIPT_SANDBOXING = YES;
				GCC_C_LANGUAGE_STANDARD = gnu17;
				GCC_DYNAMIC_NO_PIC = NO;
				GCC_NO_COMMON_BLOCKS = YES;
				GCC_OPTIMIZATION_LEVEL = 0;
				GCC_PREPROCESSOR_DEFINITIONS = (
					"DEBUG=1",
					"$(inherited)",
				);
				GCC_WARN_64_TO_32_BIT_CONVERSION = YES;
				GCC_WARN_ABOUT_RETURN_TYPE = YES_ERROR;
				GCC_WARN_UNDECLARED_SELECTOR = YES;
				GCC_WARN_UNINITIALIZED_AUTOS = YES_AGGRESSIVE;
				GCC_WARN_UNUSED_FUNCTION = YES;
				GCC_WARN_UNUSED_VARIABLE = YES;
				IPHONEOS_DEPLOYMENT_TARGET = 17.4;
				LOCALIZATION_PREFERS_STRING_CATALOGS = YES;
				MTL_ENABLE_DEBUG_INFO = INCLUDE_SOURCE;
				MTL_FAST_MATH = YES;
				ONLY_ACTIVE_ARCH = YES;
				SDKROOT = iphoneos;
				SWIFT_ACTIVE_COMPILATION_CONDITIONS = "DEBUG $(inherited)";
				SWIFT_OPTIMIZATION_LEVEL = "-Onone";
			};
			name = Debug;
		};
		F50BF7A82BA9EC1300EA8361 /* Release */ = {
			isa = XCBuildConfiguration;
			buildSettings = {
				ALWAYS_SEARCH_USER_PATHS = NO;
				ASSETCATALOG_COMPILER_GENERATE_SWIFT_ASSET_SYMBOL_EXTENSIONS = YES;
				CLANG_ANALYZER_NONNULL = YES;
				CLANG_ANALYZER_NUMBER_OBJECT_CONVERSION = YES_AGGRESSIVE;
				CLANG_CXX_LANGUAGE_STANDARD = "gnu++20";
				CLANG_ENABLE_MODULES = YES;
				CLANG_ENABLE_OBJC_ARC = YES;
				CLANG_ENABLE_OBJC_WEAK = YES;
				CLANG_WARN_BLOCK_CAPTURE_AUTORELEASING = YES;
				CLANG_WARN_BOOL_CONVERSION = YES;
				CLANG_WARN_COMMA = YES;
				CLANG_WARN_CONSTANT_CONVERSION = YES;
				CLANG_WARN_DEPRECATED_OBJC_IMPLEMENTATIONS = YES;
				CLANG_WARN_DIRECT_OBJC_ISA_USAGE = YES_ERROR;
				CLANG_WARN_DOCUMENTATION_COMMENTS = YES;
				CLANG_WARN_EMPTY_BODY = YES;
				CLANG_WARN_ENUM_CONVERSION = YES;
				CLANG_WARN_INFINITE_RECURSION = YES;
				CLANG_WARN_INT_CONVERSION = YES;
				CLANG_WARN_NON_LITERAL_NULL_CONVERSION = YES;
				CLANG_WARN_OBJC_IMPLICIT_RETAIN_SELF = YES;
				CLANG_WARN_OBJC_LITERAL_CONVERSION = YES;
				CLANG_WARN_OBJC_ROOT_CLASS = YES_ERROR;
				CLANG_WARN_QUOTED_INCLUDE_IN_FRAMEWORK_HEADER = YES;
				CLANG_WARN_RANGE_LOOP_ANALYSIS = YES;
				CLANG_WARN_STRICT_PROTOTYPES = YES;
				CLANG_WARN_SUSPICIOUS_MOVE = YES;
				CLANG_WARN_UNGUARDED_AVAILABILITY = YES_AGGRESSIVE;
				CLANG_WARN_UNREACHABLE_CODE = YES;
				CLANG_WARN__DUPLICATE_METHOD_MATCH = YES;
				COPY_PHASE_STRIP = NO;
				DEBUG_INFORMATION_FORMAT = "dwarf-with-dsym";
				ENABLE_NS_ASSERTIONS = NO;
				ENABLE_STRICT_OBJC_MSGSEND = YES;
				ENABLE_USER_SCRIPT_SANDBOXING = YES;
				GCC_C_LANGUAGE_STANDARD = gnu17;
				GCC_NO_COMMON_BLOCKS = YES;
				GCC_WARN_64_TO_32_BIT_CONVERSION = YES;
				GCC_WARN_ABOUT_RETURN_TYPE = YES_ERROR;
				GCC_WARN_UNDECLARED_SELECTOR = YES;
				GCC_WARN_UNINITIALIZED_AUTOS = YES_AGGRESSIVE;
				GCC_WARN_UNUSED_FUNCTION = YES;
				GCC_WARN_UNUSED_VARIABLE = YES;
				IPHONEOS_DEPLOYMENT_TARGET = 17.4;
				LOCALIZATION_PREFERS_STRING_CATALOGS = YES;
				MTL_ENABLE_DEBUG_INFO = NO;
				MTL_FAST_MATH = YES;
				SDKROOT = iphoneos;
				SWIFT_COMPILATION_MODE = wholemodule;
				VALIDATE_PRODUCT = YES;
			};
			name = Release;
		};
		F50BF7AA2BA9EC1300EA8361 /* Debug */ = {
			isa = XCBuildConfiguration;
			buildSettings = {
				ASSETCATALOG_COMPILER_APPICON_NAME = AppIcon;
				ASSETCATALOG_COMPILER_GLOBAL_ACCENT_COLOR_NAME = AccentColor;
				CODE_SIGN_STYLE = Automatic;
				CURRENT_PROJECT_VERSION = 1;
				GENERATE_INFOPLIST_FILE = YES;
				INFOPLIST_FILE = TableView/Info.plist;
				INFOPLIST_KEY_UIApplicationSupportsIndirectInputEvents = YES;
				INFOPLIST_KEY_UILaunchStoryboardName = LaunchScreen;
				INFOPLIST_KEY_UIMainStoryboardFile = Main;
				INFOPLIST_KEY_UISupportedInterfaceOrientations_iPad = "UIInterfaceOrientationPortrait UIInterfaceOrientationPortraitUpsideDown UIInterfaceOrientationLandscapeLeft UIInterfaceOrientationLandscapeRight";
				INFOPLIST_KEY_UISupportedInterfaceOrientations_iPhone = "UIInterfaceOrientationPortrait UIInterfaceOrientationLandscapeLeft UIInterfaceOrientationLandscapeRight";
				IPHONEOS_DEPLOYMENT_TARGET = 17.2;
				LD_RUNPATH_SEARCH_PATHS = (
					"$(inherited)",
					"@executable_path/Frameworks",
				);
				MARKETING_VERSION = 1.0;
				PRODUCT_BUNDLE_IDENTIFIER = kz.Damir.TableView;
				PRODUCT_NAME = "$(TARGET_NAME)";
				SUPPORTED_PLATFORMS = "iphoneos iphonesimulator";
				SUPPORTS_MACCATALYST = NO;
				SUPPORTS_MAC_DESIGNED_FOR_IPHONE_IPAD = NO;
				SUPPORTS_XR_DESIGNED_FOR_IPHONE_IPAD = NO;
				SWIFT_EMIT_LOC_STRINGS = YES;
				SWIFT_VERSION = 5.0;
				TARGETED_DEVICE_FAMILY = 1;
			};
			name = Debug;
		};
		F50BF7AB2BA9EC1300EA8361 /* Release */ = {
			isa = XCBuildConfiguration;
			buildSettings = {
				ASSETCATALOG_COMPILER_APPICON_NAME = AppIcon;
				ASSETCATALOG_COMPILER_GLOBAL_ACCENT_COLOR_NAME = AccentColor;
				CODE_SIGN_STYLE = Automatic;
				CURRENT_PROJECT_VERSION = 1;
				GENERATE_INFOPLIST_FILE = YES;
				INFOPLIST_FILE = TableView/Info.plist;
				INFOPLIST_KEY_UIApplicationSupportsIndirectInputEvents = YES;
				INFOPLIST_KEY_UILaunchStoryboardName = LaunchScreen;
				INFOPLIST_KEY_UIMainStoryboardFile = Main;
				INFOPLIST_KEY_UISupportedInterfaceOrientations_iPad = "UIInterfaceOrientationPortrait UIInterfaceOrientationPortraitUpsideDown UIInterfaceOrientationLandscapeLeft UIInterfaceOrientationLandscapeRight";
				INFOPLIST_KEY_UISupportedInterfaceOrientations_iPhone = "UIInterfaceOrientationPortrait UIInterfaceOrientationLandscapeLeft UIInterfaceOrientationLandscapeRight";
				IPHONEOS_DEPLOYMENT_TARGET = 17.2;
				LD_RUNPATH_SEARCH_PATHS = (
					"$(inherited)",
					"@executable_path/Frameworks",
				);
				MARKETING_VERSION = 1.0;
				PRODUCT_BUNDLE_IDENTIFIER = kz.Damir.TableView;
				PRODUCT_NAME = "$(TARGET_NAME)";
				SUPPORTED_PLATFORMS = "iphoneos iphonesimulator";
				SUPPORTS_MACCATALYST = NO;
				SUPPORTS_MAC_DESIGNED_FOR_IPHONE_IPAD = NO;
				SUPPORTS_XR_DESIGNED_FOR_IPHONE_IPAD = NO;
				SWIFT_EMIT_LOC_STRINGS = YES;
				SWIFT_VERSION = 5.0;
				TARGETED_DEVICE_FAMILY = 1;
			};
			name = Release;
		};
		F50BF7AD2BA9EC1300EA8361 /* Debug */ = {
			isa = XCBuildConfiguration;
			buildSettings = {
				ALWAYS_EMBED_SWIFT_STANDARD_LIBRARIES = YES;
				BUNDLE_LOADER = "$(TEST_HOST)";
				CODE_SIGN_STYLE = Automatic;
				CURRENT_PROJECT_VERSION = 1;
				GENERATE_INFOPLIST_FILE = YES;
				IPHONEOS_DEPLOYMENT_TARGET = 17.4;
				MARKETING_VERSION = 1.0;
				PRODUCT_BUNDLE_IDENTIFIER = kz.Damir.TableViewTests;
				PRODUCT_NAME = "$(TARGET_NAME)";
				SWIFT_EMIT_LOC_STRINGS = NO;
				SWIFT_VERSION = 5.0;
				TARGETED_DEVICE_FAMILY = "1,2";
				TEST_HOST = "$(BUILT_PRODUCTS_DIR)/TableView.app/$(BUNDLE_EXECUTABLE_FOLDER_PATH)/TableView";
			};
			name = Debug;
		};
		F50BF7AE2BA9EC1300EA8361 /* Release */ = {
			isa = XCBuildConfiguration;
			buildSettings = {
				ALWAYS_EMBED_SWIFT_STANDARD_LIBRARIES = YES;
				BUNDLE_LOADER = "$(TEST_HOST)";
				CODE_SIGN_STYLE = Automatic;
				CURRENT_PROJECT_VERSION = 1;
				GENERATE_INFOPLIST_FILE = YES;
				IPHONEOS_DEPLOYMENT_TARGET = 17.4;
				MARKETING_VERSION = 1.0;
				PRODUCT_BUNDLE_IDENTIFIER = kz.Damir.TableViewTests;
				PRODUCT_NAME = "$(TARGET_NAME)";
				SWIFT_EMIT_LOC_STRINGS = NO;
				SWIFT_VERSION = 5.0;
				TARGETED_DEVICE_FAMILY = "1,2";
				TEST_HOST = "$(BUILT_PRODUCTS_DIR)/TableView.app/$(BUNDLE_EXECUTABLE_FOLDER_PATH)/TableView";
			};
			name = Release;
		};
		F50BF7B02BA9EC1300EA8361 /* Debug */ = {
			isa = XCBuildConfiguration;
			buildSettings = {
				ALWAYS_EMBED_SWIFT_STANDARD_LIBRARIES = YES;
				CODE_SIGN_STYLE = Automatic;
				CURRENT_PROJECT_VERSION = 1;
				GENERATE_INFOPLIST_FILE = YES;
				MARKETING_VERSION = 1.0;
				PRODUCT_BUNDLE_IDENTIFIER = kz.Damir.TableViewUITests;
				PRODUCT_NAME = "$(TARGET_NAME)";
				SWIFT_EMIT_LOC_STRINGS = NO;
				SWIFT_VERSION = 5.0;
				TARGETED_DEVICE_FAMILY = "1,2";
				TEST_TARGET_NAME = TableView;
			};
			name = Debug;
		};
		F50BF7B12BA9EC1300EA8361 /* Release */ = {
			isa = XCBuildConfiguration;
			buildSettings = {
				ALWAYS_EMBED_SWIFT_STANDARD_LIBRARIES = YES;
				CODE_SIGN_STYLE = Automatic;
				CURRENT_PROJECT_VERSION = 1;
				GENERATE_INFOPLIST_FILE = YES;
				MARKETING_VERSION = 1.0;
				PRODUCT_BUNDLE_IDENTIFIER = kz.Damir.TableViewUITests;
				PRODUCT_NAME = "$(TARGET_NAME)";
				SWIFT_EMIT_LOC_STRINGS = NO;
				SWIFT_VERSION = 5.0;
				TARGETED_DEVICE_FAMILY = "1,2";
				TEST_TARGET_NAME = TableView;
			};
			name = Release;
		};
/* End XCBuildConfiguration section */

/* Begin XCConfigurationList section */
		F50BF77A2BA9EC1100EA8361 /* Build configuration list for PBXProject "TableView" */ = {
			isa = XCConfigurationList;
			buildConfigurations = (
				F50BF7A72BA9EC1300EA8361 /* Debug */,
				F50BF7A82BA9EC1300EA8361 /* Release */,
			);
			defaultConfigurationIsVisible = 0;
			defaultConfigurationName = Release;
		};
		F50BF7A92BA9EC1300EA8361 /* Build configuration list for PBXNativeTarget "TableView" */ = {
			isa = XCConfigurationList;
			buildConfigurations = (
				F50BF7AA2BA9EC1300EA8361 /* Debug */,
				F50BF7AB2BA9EC1300EA8361 /* Release */,
			);
			defaultConfigurationIsVisible = 0;
			defaultConfigurationName = Release;
		};
		F50BF7AC2BA9EC1300EA8361 /* Build configuration list for PBXNativeTarget "TableViewTests" */ = {
			isa = XCConfigurationList;
			buildConfigurations = (
				F50BF7AD2BA9EC1300EA8361 /* Debug */,
				F50BF7AE2BA9EC1300EA8361 /* Release */,
			);
			defaultConfigurationIsVisible = 0;
			defaultConfigurationName = Release;
		};
		F50BF7AF2BA9EC1300EA8361 /* Build configuration list for PBXNativeTarget "TableViewUITests" */ = {
			isa = XCConfigurationList;
			buildConfigurations = (
				F50BF7B02BA9EC1300EA8361 /* Debug */,
				F50BF7B12BA9EC1300EA8361 /* Release */,
			);
			defaultConfigurationIsVisible = 0;
			defaultConfigurationName = Release;
		};
/* End XCConfigurationList section */
	};
	rootObject = F50BF7772BA9EC1100EA8361 /* Project object */;
}
